{
  "name": "wer-tool",
  "version": "1.0.0",
  "lockfileVersion": 1,
  "requires": true,
  "dependencies": {
    "levenshtein-edit-distance": {
      "version": "2.0.5",
      "resolved": "https://registry.npmjs.org/levenshtein-edit-distance/-/levenshtein-edit-distance-2.0.5.tgz",
      "integrity": "sha512-Yuraz7QnMX/JENJU1HA6UtdsbhRzoSFnGpVGVryjQgHtl2s/YmVgmNYkVs5yzVZ9aAvQR9wPBUH3lG755ylxGA=="
    },
    "object-hash": {
      "version": "1.3.1",
      "resolved": "https://registry.npmjs.org/object-hash/-/object-hash-1.3.1.tgz",
      "integrity": "sha512-OSuu/pU4ENM9kmREg0BdNrUDIl1heYa4mBZacJc+vVWz4GtAwu7jO8s4AIt2aGRUTqxykpWzI3Oqnsm13tTMDA=="
    },
    "word-error-rate": {
      "version": "0.0.7",
      "resolved": "https://registry.npmjs.org/word-error-rate/-/word-error-rate-0.0.7.tgz",
      "integrity": "sha512-uwHptRrdsLELkHsoYbyYrmaWJjfNy3naKUl/Sh3tsJ2jMLdSCGrM2rztdtdexGrvEdLKQxvjDggw2NZe0FlWlg==",
      "requires": {
        "levenshtein-edit-distance": "^2.0.3",
        "object-hash": "^1.3.1"
      }
    }
  }
}
